
Microsoft Visual Studio Solution File, Format Version 12.00
# Visual Studio Version 17
VisualStudioVersion = 17.8.34525.116
MinimumVisualStudioVersion = 10.0.40219.1
Project("{FAE04EC0-301F-11D3-BF4B-00C04F79EFBC}") = "Asp.net-recepy-blog", "Asp.net-recepy-blog\Asp.net-recepy-blog.csproj", "{7C6F3E88-634D-4D6D-BBAA-3FC0EB22894B}"
EndProject
Global
	GlobalSection(SolutionConfigurationPlatforms) = preSolution
		Debug|Any CPU = Debug|Any CPU
		Release|Any CPU = Release|Any CPU
	EndGlobalSection
	GlobalSection(ProjectConfigurationPlatforms) = postSolution
		{7C6F3E88-634D-4D6D-BBAA-3FC0EB22894B}.Debug|Any CPU.ActiveCfg = Debug|Any CPU
		{7C6F3E88-634D-4D6D-BBAA-3FC0EB22894B}.Debug|Any CPU.Build.0 = Debug|Any CPU
		{7C6F3E88-634D-4D6D-BBAA-3FC0EB22894B}.Release|Any CPU.ActiveCfg = Release|Any CPU
		{7C6F3E88-634D-4D6D-BBAA-3FC0EB22894B}.Release|Any CPU.Build.0 = Release|Any CPU
	EndGlobalSection
	GlobalSection(SolutionProperties) = preSolution
		HideSolutionNode = FALSE
	EndGlobalSection
	GlobalSection(ExtensibilityGlobals) = postSolution
		SolutionGuid = {861BE184-F4A3-4223-8C96-34799161070D}
	EndGlobalSection
EndGlobal
